
Microsoft Visual Studio Solution File, Format Version 12.00
# Visual Studio Version 17
VisualStudioVersion = 17.5.33530.505
MinimumVisualStudioVersion = 10.0.40219.1
Project("{FAE04EC0-301F-11D3-BF4B-00C04F79EFBC}") = "TECHWIZ", "TECHWIZ\TECHWIZ.csproj", "{80262928-E830-4B7D-BFD3-1E5A40273577}"
EndProject
Global
	GlobalSection(SolutionConfigurationPlatforms) = preSolution
		Debug|Any CPU = Debug|Any CPU
		Release|Any CPU = Release|Any CPU
	EndGlobalSection
	GlobalSection(ProjectConfigurationPlatforms) = postSolution
		{80262928-E830-4B7D-BFD3-1E5A40273577}.Debug|Any CPU.ActiveCfg = Debug|Any CPU
		{80262928-E830-4B7D-BFD3-1E5A40273577}.Debug|Any CPU.Build.0 = Debug|Any CPU
		{80262928-E830-4B7D-BFD3-1E5A40273577}.Release|Any CPU.ActiveCfg = Release|Any CPU
		{80262928-E830-4B7D-BFD3-1E5A40273577}.Release|Any CPU.Build.0 = Release|Any CPU
	EndGlobalSection
	GlobalSection(SolutionProperties) = preSolution
		HideSolutionNode = FALSE
	EndGlobalSection
	GlobalSection(ExtensibilityGlobals) = postSolution
		SolutionGuid = {A9879CDA-7170-438A-86F4-47E9B36DB89F}
	EndGlobalSection
EndGlobal
